
Microsoft Visual Studio Solution File, Format Version 12.00
# Visual Studio Version 16
VisualStudioVersion = 16.0.30523.141
MinimumVisualStudioVersion = 10.0.40219.1
Project("{FAE04EC0-301F-11D3-BF4B-00C04F79EFBC}") = "ProjectTemplates", "ProjectTemplates\ProjectTemplates.csproj", "{39551605-AD73-441C-9CDA-E3F40399716D}"
EndProject
Project("{FAE04EC0-301F-11D3-BF4B-00C04F79EFBC}") = "Win7Core", "Win7Core\Win7Core.csproj", "{BEBCBF6C-FA12-429D-ADD3-D0BDFC63654B}"
EndProject
Project("{FAE04EC0-301F-11D3-BF4B-00C04F79EFBC}") = "Win7App", "Win7App\Win7App.csproj", "{5CEC4C93-D266-476C-8084-BDE6EB390610}"
EndProject
Project("{FAE04EC0-301F-11D3-BF4B-00C04F79EFBC}") = "WinXPCore", "WinXPCore\WinXPCore.csproj", "{80BD64E7-C069-4B51-AC8A-6072E102BF37}"
EndProject
Project("{FAE04EC0-301F-11D3-BF4B-00C04F79EFBC}") = "WinXPApp", "WinXPApp\WinXPApp.csproj", "{94F7C0A5-038D-459A-8535-FD0152A290DD}"
EndProject
Project("{FAE04EC0-301F-11D3-BF4B-00C04F79EFBC}") = "Win10App", "Win10App\Win10App.csproj", "{C631C30F-C60D-4752-AABB-AC42C1CB30E1}"
EndProject
Project("{FAE04EC0-301F-11D3-BF4B-00C04F79EFBC}") = "Win10Core", "Win10Core\Win10Core.csproj", "{FFDC6382-19E9-43B9-BE88-B88CEB78D1EC}"
EndProject
Global
	GlobalSection(SolutionConfigurationPlatforms) = preSolution
		Debug|Any CPU = Debug|Any CPU
		Debug|ARM = Debug|ARM
		Debug|ARM64 = Debug|ARM64
		Debug|x64 = Debug|x64
		Debug|x86 = Debug|x86
		Release|Any CPU = Release|Any CPU
		Release|ARM = Release|ARM
		Release|ARM64 = Release|ARM64
		Release|x64 = Release|x64
		Release|x86 = Release|x86
	EndGlobalSection
	GlobalSection(ProjectConfigurationPlatforms) = postSolution
		{39551605-AD73-441C-9CDA-E3F40399716D}.Debug|Any CPU.ActiveCfg = Debug|Any CPU
		{39551605-AD73-441C-9CDA-E3F40399716D}.Debug|Any CPU.Build.0 = Debug|Any CPU
		{39551605-AD73-441C-9CDA-E3F40399716D}.Debug|ARM.ActiveCfg = Debug|Any CPU
		{39551605-AD73-441C-9CDA-E3F40399716D}.Debug|ARM.Build.0 = Debug|Any CPU
		{39551605-AD73-441C-9CDA-E3F40399716D}.Debug|ARM64.ActiveCfg = Debug|Any CPU
		{39551605-AD73-441C-9CDA-E3F40399716D}.Debug|ARM64.Build.0 = Debug|Any CPU
		{39551605-AD73-441C-9CDA-E3F40399716D}.Debug|x64.ActiveCfg = Debug|Any CPU
		{39551605-AD73-441C-9CDA-E3F40399716D}.Debug|x64.Build.0 = Debug|Any CPU
		{39551605-AD73-441C-9CDA-E3F40399716D}.Debug|x86.ActiveCfg = Debug|Any CPU
		{39551605-AD73-441C-9CDA-E3F40399716D}.Debug|x86.Build.0 = Debug|Any CPU
		{39551605-AD73-441C-9CDA-E3F40399716D}.Release|Any CPU.ActiveCfg = Release|Any CPU
		{39551605-AD73-441C-9CDA-E3F40399716D}.Release|Any CPU.Build.0 = Release|Any CPU
		{39551605-AD73-441C-9CDA-E3F40399716D}.Release|ARM.ActiveCfg = Release|Any CPU
		{39551605-AD73-441C-9CDA-E3F40399716D}.Release|ARM.Build.0 = Release|Any CPU
		{39551605-AD73-441C-9CDA-E3F40399716D}.Release|ARM64.ActiveCfg = Release|Any CPU
		{39551605-AD73-441C-9CDA-E3F40399716D}.Release|ARM64.Build.0 = Release|Any CPU
		{39551605-AD73-441C-9CDA-E3F40399716D}.Release|x64.ActiveCfg = Release|Any CPU
		{39551605-AD73-441C-9CDA-E3F40399716D}.Release|x64.Build.0 = Release|Any CPU
		{39551605-AD73-441C-9CDA-E3F40399716D}.Release|x86.ActiveCfg = Release|Any CPU
		{39551605-AD73-441C-9CDA-E3F40399716D}.Release|x86.Build.0 = Release|Any CPU
		{BEBCBF6C-FA12-429D-ADD3-D0BDFC63654B}.Debug|Any CPU.ActiveCfg = Debug|Any CPU
		{BEBCBF6C-FA12-429D-ADD3-D0BDFC63654B}.Debug|Any CPU.Build.0 = Debug|Any CPU
		{BEBCBF6C-FA12-429D-ADD3-D0BDFC63654B}.Debug|ARM.ActiveCfg = Debug|Any CPU
		{BEBCBF6C-FA12-429D-ADD3-D0BDFC63654B}.Debug|ARM.Build.0 = Debug|Any CPU
		{BEBCBF6C-FA12-429D-ADD3-D0BDFC63654B}.Debug|ARM64.ActiveCfg = Debug|Any CPU
		{BEBCBF6C-FA12-429D-ADD3-D0BDFC63654B}.Debug|ARM64.Build.0 = Debug|Any CPU
		{BEBCBF6C-FA12-429D-ADD3-D0BDFC63654B}.Debug|x64.ActiveCfg = Debug|Any CPU
		{BEBCBF6C-FA12-429D-ADD3-D0BDFC63654B}.Debug|x64.Build.0 = Debug|Any CPU
		{BEBCBF6C-FA12-429D-ADD3-D0BDFC63654B}.Debug|x86.ActiveCfg = Debug|Any CPU
		{BEBCBF6C-FA12-429D-ADD3-D0BDFC63654B}.Debug|x86.Build.0 = Debug|Any CPU
		{BEBCBF6C-FA12-429D-ADD3-D0BDFC63654B}.Release|Any CPU.ActiveCfg = Release|Any CPU
		{BEBCBF6C-FA12-429D-ADD3-D0BDFC63654B}.Release|Any CPU.Build.0 = Release|Any CPU
		{BEBCBF6C-FA12-429D-ADD3-D0BDFC63654B}.Release|ARM.ActiveCfg = Release|Any CPU
		{BEBCBF6C-FA12-429D-ADD3-D0BDFC63654B}.Release|ARM.Build.0 = Release|Any CPU
		{BEBCBF6C-FA12-429D-ADD3-D0BDFC63654B}.Release|ARM64.ActiveCfg = Release|Any CPU
		{BEBCBF6C-FA12-429D-ADD3-D0BDFC63654B}.Release|ARM64.Build.0 = Release|Any CPU
		{BEBCBF6C-FA12-429D-ADD3-D0BDFC63654B}.Release|x64.ActiveCfg = Release|Any CPU
		{BEBCBF6C-FA12-429D-ADD3-D0BDFC63654B}.Release|x64.Build.0 = Release|Any CPU
		{BEBCBF6C-FA12-429D-ADD3-D0BDFC63654B}.Release|x86.ActiveCfg = Release|Any CPU
		{BEBCBF6C-FA12-429D-ADD3-D0BDFC63654B}.Release|x86.Build.0 = Release|Any CPU
		{5CEC4C93-D266-476C-8084-BDE6EB390610}.Debug|Any CPU.ActiveCfg = Debug|Any CPU
		{5CEC4C93-D266-476C-8084-BDE6EB390610}.Debug|Any CPU.Build.0 = Debug|Any CPU
		{5CEC4C93-D266-476C-8084-BDE6EB390610}.Debug|ARM.ActiveCfg = Debug|Any CPU
		{5CEC4C93-D266-476C-8084-BDE6EB390610}.Debug|ARM.Build.0 = Debug|Any CPU
		{5CEC4C93-D266-476C-8084-BDE6EB390610}.Debug|ARM64.ActiveCfg = Debug|Any CPU
		{5CEC4C93-D266-476C-8084-BDE6EB390610}.Debug|ARM64.Build.0 = Debug|Any CPU
		{5CEC4C93-D266-476C-8084-BDE6EB390610}.Debug|x64.ActiveCfg = Debug|Any CPU
		{5CEC4C93-D266-476C-8084-BDE6EB390610}.Debug|x64.Build.0 = Debug|Any CPU
		{5CEC4C93-D266-476C-8084-BDE6EB390610}.Debug|x86.ActiveCfg = Debug|Any CPU
		{5CEC4C93-D266-476C-8084-BDE6EB390610}.Debug|x86.Build.0 = Debug|Any CPU
		{5CEC4C93-D266-476C-8084-BDE6EB390610}.Release|Any CPU.ActiveCfg = Release|Any CPU
		{5CEC4C93-D266-476C-8084-BDE6EB390610}.Release|Any CPU.Build.0 = Release|Any CPU
		{5CEC4C93-D266-476C-8084-BDE6EB390610}.Release|ARM.ActiveCfg = Release|Any CPU
		{5CEC4C93-D266-476C-8084-BDE6EB390610}.Release|ARM.Build.0 = Release|Any CPU
		{5CEC4C93-D266-476C-8084-BDE6EB390610}.Release|ARM64.ActiveCfg = Release|Any CPU
		{5CEC4C93-D266-476C-8084-BDE6EB390610}.Release|ARM64.Build.0 = Release|Any CPU
		{5CEC4C93-D266-476C-8084-BDE6EB390610}.Release|x64.ActiveCfg = Release|Any CPU
		{5CEC4C93-D266-476C-8084-BDE6EB390610}.Release|x64.Build.0 = Release|Any CPU
		{5CEC4C93-D266-476C-8084-BDE6EB390610}.Release|x86.ActiveCfg = Release|Any CPU
		{5CEC4C93-D266-476C-8084-BDE6EB390610}.Release|x86.Build.0 = Release|Any CPU
		{80BD64E7-C069-4B51-AC8A-6072E102BF37}.Debug|Any CPU.ActiveCfg = Debug|Any CPU
		{80BD64E7-C069-4B51-AC8A-6072E102BF37}.Debug|Any CPU.Build.0 = Debug|Any CPU
		{80BD64E7-C069-4B51-AC8A-6072E102BF37}.Debug|ARM.ActiveCfg = Debug|Any CPU
		{80BD64E7-C069-4B51-AC8A-6072E102BF37}.Debug|ARM.Build.0 = Debug|Any CPU
		{80BD64E7-C069-4B51-AC8A-6072E102BF37}.Debug|ARM64.ActiveCfg = Debug|Any CPU
		{80BD64E7-C069-4B51-AC8A-6072E102BF37}.Debug|ARM64.Build.0 = Debug|Any CPU
		{80BD64E7-C069-4B51-AC8A-6072E102BF37}.Debug|x64.ActiveCfg = Debug|Any CPU
		{80BD64E7-C069-4B51-AC8A-6072E102BF37}.Debug|x64.Build.0 = Debug|Any CPU
		{80BD64E7-C069-4B51-AC8A-6072E102BF37}.Debug|x86.ActiveCfg = Debug|Any CPU
		{80BD64E7-C069-4B51-AC8A-6072E102BF37}.Debug|x86.Build.0 = Debug|Any CPU
		{80BD64E7-C069-4B51-AC8A-6072E102BF37}.Release|Any CPU.ActiveCfg = Release|Any CPU
		{80BD64E7-C069-4B51-AC8A-6072E102BF37}.Release|Any CPU.Build.0 = Release|Any CPU
		{80BD64E7-C069-4B51-AC8A-6072E102BF37}.Release|ARM.ActiveCfg = Release|Any CPU
		{80BD64E7-C069-4B51-AC8A-6072E102BF37}.Release|ARM.Build.0 = Release|Any CPU
		{80BD64E7-C069-4B51-AC8A-6072E102BF37}.Release|ARM64.ActiveCfg = Release|Any CPU
		{80BD64E7-C069-4B51-AC8A-6072E102BF37}.Release|ARM64.Build.0 = Release|Any CPU
		{80BD64E7-C069-4B51-AC8A-6072E102BF37}.Release|x64.ActiveCfg = Release|Any CPU
		{80BD64E7-C069-4B51-AC8A-6072E102BF37}.Release|x64.Build.0 = Release|Any CPU
		{80BD64E7-C069-4B51-AC8A-6072E102BF37}.Release|x86.ActiveCfg = Release|Any CPU
		{80BD64E7-C069-4B51-AC8A-6072E102BF37}.Release|x86.Build.0 = Release|Any CPU
		{94F7C0A5-038D-459A-8535-FD0152A290DD}.Debug|Any CPU.ActiveCfg = Debug|Any CPU
		{94F7C0A5-038D-459A-8535-FD0152A290DD}.Debug|Any CPU.Build.0 = Debug|Any CPU
		{94F7C0A5-038D-459A-8535-FD0152A290DD}.Debug|ARM.ActiveCfg = Debug|Any CPU
		{94F7C0A5-038D-459A-8535-FD0152A290DD}.Debug|ARM.Build.0 = Debug|Any CPU
		{94F7C0A5-038D-459A-8535-FD0152A290DD}.Debug|ARM64.ActiveCfg = Debug|Any CPU
		{94F7C0A5-038D-459A-8535-FD0152A290DD}.Debug|ARM64.Build.0 = Debug|Any CPU
		{94F7C0A5-038D-459A-8535-FD0152A290DD}.Debug|x64.ActiveCfg = Debug|Any CPU
		{94F7C0A5-038D-459A-8535-FD0152A290DD}.Debug|x64.Build.0 = Debug|Any CPU
		{94F7C0A5-038D-459A-8535-FD0152A290DD}.Debug|x86.ActiveCfg = Debug|Any CPU
		{94F7C0A5-038D-459A-8535-FD0152A290DD}.Debug|x86.Build.0 = Debug|Any CPU
		{94F7C0A5-038D-459A-8535-FD0152A290DD}.Release|Any CPU.ActiveCfg = Release|Any CPU
		{94F7C0A5-038D-459A-8535-FD0152A290DD}.Release|Any CPU.Build.0 = Release|Any CPU
		{94F7C0A5-038D-459A-8535-FD0152A290DD}.Release|ARM.ActiveCfg = Release|Any CPU
		{94F7C0A5-038D-459A-8535-FD0152A290DD}.Release|ARM.Build.0 = Release|Any CPU
		{94F7C0A5-038D-459A-8535-FD0152A290DD}.Release|ARM64.ActiveCfg = Release|Any CPU
		{94F7C0A5-038D-459A-8535-FD0152A290DD}.Release|ARM64.Build.0 = Release|Any CPU
		{94F7C0A5-038D-459A-8535-FD0152A290DD}.Release|x64.ActiveCfg = Release|Any CPU
		{94F7C0A5-038D-459A-8535-FD0152A290DD}.Release|x64.Build.0 = Release|Any CPU
		{94F7C0A5-038D-459A-8535-FD0152A290DD}.Release|x86.ActiveCfg = Release|Any CPU
		{94F7C0A5-038D-459A-8535-FD0152A290DD}.Release|x86.Build.0 = Release|Any CPU
		{C631C30F-C60D-4752-AABB-AC42C1CB30E1}.Debug|Any CPU.ActiveCfg = Debug|x86
		{C631C30F-C60D-4752-AABB-AC42C1CB30E1}.Debug|ARM.ActiveCfg = Debug|ARM
		{C631C30F-C60D-4752-AABB-AC42C1CB30E1}.Debug|ARM.Build.0 = Debug|ARM
		{C631C30F-C60D-4752-AABB-AC42C1CB30E1}.Debug|ARM.Deploy.0 = Debug|ARM
		{C631C30F-C60D-4752-AABB-AC42C1CB30E1}.Debug|ARM64.ActiveCfg = Debug|ARM64
		{C631C30F-C60D-4752-AABB-AC42C1CB30E1}.Debug|ARM64.Build.0 = Debug|ARM64
		{C631C30F-C60D-4752-AABB-AC42C1CB30E1}.Debug|ARM64.Deploy.0 = Debug|ARM64
		{C631C30F-C60D-4752-AABB-AC42C1CB30E1}.Debug|x64.ActiveCfg = Debug|x64
		{C631C30F-C60D-4752-AABB-AC42C1CB30E1}.Debug|x64.Build.0 = Debug|x64
		{C631C30F-C60D-4752-AABB-AC42C1CB30E1}.Debug|x64.Deploy.0 = Debug|x64
		{C631C30F-C60D-4752-AABB-AC42C1CB30E1}.Debug|x86.ActiveCfg = Debug|x86
		{C631C30F-C60D-4752-AABB-AC42C1CB30E1}.Debug|x86.Build.0 = Debug|x86
		{C631C30F-C60D-4752-AABB-AC42C1CB30E1}.Debug|x86.Deploy.0 = Debug|x86
		{C631C30F-C60D-4752-AABB-AC42C1CB30E1}.Release|Any CPU.ActiveCfg = Release|x86
		{C631C30F-C60D-4752-AABB-AC42C1CB30E1}.Release|ARM.ActiveCfg = Release|ARM
		{C631C30F-C60D-4752-AABB-AC42C1CB30E1}.Release|ARM.Build.0 = Release|ARM
		{C631C30F-C60D-4752-AABB-AC42C1CB30E1}.Release|ARM.Deploy.0 = Release|ARM
		{C631C30F-C60D-4752-AABB-AC42C1CB30E1}.Release|ARM64.ActiveCfg = Release|ARM64
		{C631C30F-C60D-4752-AABB-AC42C1CB30E1}.Release|ARM64.Build.0 = Release|ARM64
		{C631C30F-C60D-4752-AABB-AC42C1CB30E1}.Release|ARM64.Deploy.0 = Release|ARM64
		{C631C30F-C60D-4752-AABB-AC42C1CB30E1}.Release|x64.ActiveCfg = Release|x64
		{C631C30F-C60D-4752-AABB-AC42C1CB30E1}.Release|x64.Build.0 = Release|x64
		{C631C30F-C60D-4752-AABB-AC42C1CB30E1}.Release|x64.Deploy.0 = Release|x64
		{C631C30F-C60D-4752-AABB-AC42C1CB30E1}.Release|x86.ActiveCfg = Release|x86
		{C631C30F-C60D-4752-AABB-AC42C1CB30E1}.Release|x86.Build.0 = Release|x86
		{C631C30F-C60D-4752-AABB-AC42C1CB30E1}.Release|x86.Deploy.0 = Release|x86
		{FFDC6382-19E9-43B9-BE88-B88CEB78D1EC}.Debug|Any CPU.ActiveCfg = Debug|Any CPU
		{FFDC6382-19E9-43B9-BE88-B88CEB78D1EC}.Debug|Any CPU.Build.0 = Debug|Any CPU
		{FFDC6382-19E9-43B9-BE88-B88CEB78D1EC}.Debug|ARM.ActiveCfg = Debug|Any CPU
		{FFDC6382-19E9-43B9-BE88-B88CEB78D1EC}.Debug|ARM.Build.0 = Debug|Any CPU
		{FFDC6382-19E9-43B9-BE88-B88CEB78D1EC}.Debug|ARM64.ActiveCfg = Debug|Any CPU
		{FFDC6382-19E9-43B9-BE88-B88CEB78D1EC}.Debug|ARM64.Build.0 = Debug|Any CPU
		{FFDC6382-19E9-43B9-BE88-B88CEB78D1EC}.Debug|x64.ActiveCfg = Debug|Any CPU
		{FFDC6382-19E9-43B9-BE88-B88CEB78D1EC}.Debug|x64.Build.0 = Debug|Any CPU
		{FFDC6382-19E9-43B9-BE88-B88CEB78D1EC}.Debug|x86.ActiveCfg = Debug|Any CPU
		{FFDC6382-19E9-43B9-BE88-B88CEB78D1EC}.Debug|x86.Build.0 = Debug|Any CPU
		{FFDC6382-19E9-43B9-BE88-B88CEB78D1EC}.Release|Any CPU.ActiveCfg = Release|Any CPU
		{FFDC6382-19E9-43B9-BE88-B88CEB78D1EC}.Release|Any CPU.Build.0 = Release|Any CPU
		{FFDC6382-19E9-43B9-BE88-B88CEB78D1EC}.Release|ARM.ActiveCfg = Release|Any CPU
		{FFDC6382-19E9-43B9-BE88-B88CEB78D1EC}.Release|ARM.Build.0 = Release|Any CPU
		{FFDC6382-19E9-43B9-BE88-B88CEB78D1EC}.Release|ARM64.ActiveCfg = Release|Any CPU
		{FFDC6382-19E9-43B9-BE88-B88CEB78D1EC}.Release|ARM64.Build.0 = Release|Any CPU
		{FFDC6382-19E9-43B9-BE88-B88CEB78D1EC}.Release|x64.ActiveCfg = Release|Any CPU
		{FFDC6382-19E9-43B9-BE88-B88CEB78D1EC}.Release|x64.Build.0 = Release|Any CPU
		{FFDC6382-19E9-43B9-BE88-B88CEB78D1EC}.Release|x86.ActiveCfg = Release|Any CPU
		{FFDC6382-19E9-43B9-BE88-B88CEB78D1EC}.Release|x86.Build.0 = Release|Any CPU
	EndGlobalSection
	GlobalSection(SolutionProperties) = preSolution
		HideSolutionNode = FALSE
	EndGlobalSection
	GlobalSection(ExtensibilityGlobals) = postSolution
		SolutionGuid = {696861FF-B6B6-445E-A8F9-541DAA144250}
	EndGlobalSection
EndGlobal
