
Microsoft Visual Studio Solution File, Format Version 12.00
# Visual Studio Version 17
VisualStudioVersion = 17.14.36414.22
MinimumVisualStudioVersion = 10.0.40219.1
Project("{FAE04EC0-301F-11D3-BF4B-00C04F79EFBC}") = "DotNetFramework.Data", "DotNetFramework\DotNetFramework.Data\DotNetFramework.Data.csproj", "{1C04E92D-BEA9-4DC4-B877-429A81D9B9A6}"
EndProject
Project("{FAE04EC0-301F-11D3-BF4B-00C04F79EFBC}") = "DotNetFramework.Business", "DotNetFramework\DotNetFramework.Business\DotNetFramework.Business.csproj", "{6A320F96-9BD5-4736-9170-4298ADD3A469}"
EndProject
Project("{FAE04EC0-301F-11D3-BF4B-00C04F79EFBC}") = "Win98App", "DotNetFramework\Win98App\Win98App.csproj", "{FF4CE982-B293-4A7D-BBF2-651772FFDA76}"
EndProject
Project("{FAE04EC0-301F-11D3-BF4B-00C04F79EFBC}") = "WinXPApp", "DotNetFramework\WinXPApp\WinXPApp.csproj", "{94F7C0A5-038D-459A-8535-FD0152A290DD}"
EndProject
Project("{FAE04EC0-301F-11D3-BF4B-00C04F79EFBC}") = "Win7App", "DotNetFramework\Win7App\Win7App.csproj", "{5CEC4C93-D266-476C-8084-BDE6EB390610}"
EndProject
Project("{9A19103F-16F7-4668-BE54-9A1E7A4F7556}") = "DotNet.Data", "DotNet\DotNet.Data\DotNet.Data.csproj", "{9EB7F757-4671-4EE3-AF62-31C68C116B1F}"
EndProject
Project("{9A19103F-16F7-4668-BE54-9A1E7A4F7556}") = "DotNet.Business", "DotNet\DotNet.Business\DotNet.Business.csproj", "{E339A5AA-6160-42A6-8D06-A746AF91C280}"
EndProject
Project("{9A19103F-16F7-4668-BE54-9A1E7A4F7556}") = "AvaloniaApp", "DotNet\AvaloniaApp\AvaloniaApp.csproj", "{5384FFC5-45DF-4424-8228-EA122189927B}"
EndProject
Global
	GlobalSection(SolutionConfigurationPlatforms) = preSolution
		Debug|Any CPU = Debug|Any CPU
		Debug|ARM = Debug|ARM
		Debug|ARM64 = Debug|ARM64
		Debug|x64 = Debug|x64
		Debug|x86 = Debug|x86
		Release|Any CPU = Release|Any CPU
		Release|ARM = Release|ARM
		Release|ARM64 = Release|ARM64
		Release|x64 = Release|x64
		Release|x86 = Release|x86
	EndGlobalSection
	GlobalSection(ProjectConfigurationPlatforms) = postSolution
		{1C04E92D-BEA9-4DC4-B877-429A81D9B9A6}.Debug|Any CPU.ActiveCfg = Debug|Any CPU
		{1C04E92D-BEA9-4DC4-B877-429A81D9B9A6}.Debug|Any CPU.Build.0 = Debug|Any CPU
		{1C04E92D-BEA9-4DC4-B877-429A81D9B9A6}.Debug|ARM.ActiveCfg = Debug|Any CPU
		{1C04E92D-BEA9-4DC4-B877-429A81D9B9A6}.Debug|ARM.Build.0 = Debug|Any CPU
		{1C04E92D-BEA9-4DC4-B877-429A81D9B9A6}.Debug|ARM64.ActiveCfg = Debug|Any CPU
		{1C04E92D-BEA9-4DC4-B877-429A81D9B9A6}.Debug|ARM64.Build.0 = Debug|Any CPU
		{1C04E92D-BEA9-4DC4-B877-429A81D9B9A6}.Debug|x64.ActiveCfg = Debug|Any CPU
		{1C04E92D-BEA9-4DC4-B877-429A81D9B9A6}.Debug|x64.Build.0 = Debug|Any CPU
		{1C04E92D-BEA9-4DC4-B877-429A81D9B9A6}.Debug|x86.ActiveCfg = Debug|Any CPU
		{1C04E92D-BEA9-4DC4-B877-429A81D9B9A6}.Debug|x86.Build.0 = Debug|Any CPU
		{1C04E92D-BEA9-4DC4-B877-429A81D9B9A6}.Release|Any CPU.ActiveCfg = Release|Any CPU
		{1C04E92D-BEA9-4DC4-B877-429A81D9B9A6}.Release|Any CPU.Build.0 = Release|Any CPU
		{1C04E92D-BEA9-4DC4-B877-429A81D9B9A6}.Release|ARM.ActiveCfg = Release|Any CPU
		{1C04E92D-BEA9-4DC4-B877-429A81D9B9A6}.Release|ARM.Build.0 = Release|Any CPU
		{1C04E92D-BEA9-4DC4-B877-429A81D9B9A6}.Release|ARM64.ActiveCfg = Release|Any CPU
		{1C04E92D-BEA9-4DC4-B877-429A81D9B9A6}.Release|ARM64.Build.0 = Release|Any CPU
		{1C04E92D-BEA9-4DC4-B877-429A81D9B9A6}.Release|x64.ActiveCfg = Release|Any CPU
		{1C04E92D-BEA9-4DC4-B877-429A81D9B9A6}.Release|x64.Build.0 = Release|Any CPU
		{1C04E92D-BEA9-4DC4-B877-429A81D9B9A6}.Release|x86.ActiveCfg = Release|Any CPU
		{1C04E92D-BEA9-4DC4-B877-429A81D9B9A6}.Release|x86.Build.0 = Release|Any CPU
		{6A320F96-9BD5-4736-9170-4298ADD3A469}.Debug|Any CPU.ActiveCfg = Debug|Any CPU
		{6A320F96-9BD5-4736-9170-4298ADD3A469}.Debug|Any CPU.Build.0 = Debug|Any CPU
		{6A320F96-9BD5-4736-9170-4298ADD3A469}.Debug|ARM.ActiveCfg = Debug|Any CPU
		{6A320F96-9BD5-4736-9170-4298ADD3A469}.Debug|ARM.Build.0 = Debug|Any CPU
		{6A320F96-9BD5-4736-9170-4298ADD3A469}.Debug|ARM64.ActiveCfg = Debug|Any CPU
		{6A320F96-9BD5-4736-9170-4298ADD3A469}.Debug|ARM64.Build.0 = Debug|Any CPU
		{6A320F96-9BD5-4736-9170-4298ADD3A469}.Debug|x64.ActiveCfg = Debug|Any CPU
		{6A320F96-9BD5-4736-9170-4298ADD3A469}.Debug|x64.Build.0 = Debug|Any CPU
		{6A320F96-9BD5-4736-9170-4298ADD3A469}.Debug|x86.ActiveCfg = Debug|Any CPU
		{6A320F96-9BD5-4736-9170-4298ADD3A469}.Debug|x86.Build.0 = Debug|Any CPU
		{6A320F96-9BD5-4736-9170-4298ADD3A469}.Release|Any CPU.ActiveCfg = Release|Any CPU
		{6A320F96-9BD5-4736-9170-4298ADD3A469}.Release|Any CPU.Build.0 = Release|Any CPU
		{6A320F96-9BD5-4736-9170-4298ADD3A469}.Release|ARM.ActiveCfg = Release|Any CPU
		{6A320F96-9BD5-4736-9170-4298ADD3A469}.Release|ARM.Build.0 = Release|Any CPU
		{6A320F96-9BD5-4736-9170-4298ADD3A469}.Release|ARM64.ActiveCfg = Release|Any CPU
		{6A320F96-9BD5-4736-9170-4298ADD3A469}.Release|ARM64.Build.0 = Release|Any CPU
		{6A320F96-9BD5-4736-9170-4298ADD3A469}.Release|x64.ActiveCfg = Release|Any CPU
		{6A320F96-9BD5-4736-9170-4298ADD3A469}.Release|x64.Build.0 = Release|Any CPU
		{6A320F96-9BD5-4736-9170-4298ADD3A469}.Release|x86.ActiveCfg = Release|Any CPU
		{6A320F96-9BD5-4736-9170-4298ADD3A469}.Release|x86.Build.0 = Release|Any CPU
		{FF4CE982-B293-4A7D-BBF2-651772FFDA76}.Debug|Any CPU.ActiveCfg = Debug|Any CPU
		{FF4CE982-B293-4A7D-BBF2-651772FFDA76}.Debug|Any CPU.Build.0 = Debug|Any CPU
		{FF4CE982-B293-4A7D-BBF2-651772FFDA76}.Debug|ARM.ActiveCfg = Debug|Any CPU
		{FF4CE982-B293-4A7D-BBF2-651772FFDA76}.Debug|ARM.Build.0 = Debug|Any CPU
		{FF4CE982-B293-4A7D-BBF2-651772FFDA76}.Debug|ARM64.ActiveCfg = Debug|Any CPU
		{FF4CE982-B293-4A7D-BBF2-651772FFDA76}.Debug|ARM64.Build.0 = Debug|Any CPU
		{FF4CE982-B293-4A7D-BBF2-651772FFDA76}.Debug|x64.ActiveCfg = Debug|Any CPU
		{FF4CE982-B293-4A7D-BBF2-651772FFDA76}.Debug|x64.Build.0 = Debug|Any CPU
		{FF4CE982-B293-4A7D-BBF2-651772FFDA76}.Debug|x86.ActiveCfg = Debug|Any CPU
		{FF4CE982-B293-4A7D-BBF2-651772FFDA76}.Debug|x86.Build.0 = Debug|Any CPU
		{FF4CE982-B293-4A7D-BBF2-651772FFDA76}.Release|Any CPU.ActiveCfg = Release|Any CPU
		{FF4CE982-B293-4A7D-BBF2-651772FFDA76}.Release|Any CPU.Build.0 = Release|Any CPU
		{FF4CE982-B293-4A7D-BBF2-651772FFDA76}.Release|ARM.ActiveCfg = Release|Any CPU
		{FF4CE982-B293-4A7D-BBF2-651772FFDA76}.Release|ARM.Build.0 = Release|Any CPU
		{FF4CE982-B293-4A7D-BBF2-651772FFDA76}.Release|ARM64.ActiveCfg = Release|Any CPU
		{FF4CE982-B293-4A7D-BBF2-651772FFDA76}.Release|ARM64.Build.0 = Release|Any CPU
		{FF4CE982-B293-4A7D-BBF2-651772FFDA76}.Release|x64.ActiveCfg = Release|Any CPU
		{FF4CE982-B293-4A7D-BBF2-651772FFDA76}.Release|x64.Build.0 = Release|Any CPU
		{FF4CE982-B293-4A7D-BBF2-651772FFDA76}.Release|x86.ActiveCfg = Release|Any CPU
		{FF4CE982-B293-4A7D-BBF2-651772FFDA76}.Release|x86.Build.0 = Release|Any CPU
		{94F7C0A5-038D-459A-8535-FD0152A290DD}.Debug|Any CPU.ActiveCfg = Debug|Any CPU
		{94F7C0A5-038D-459A-8535-FD0152A290DD}.Debug|Any CPU.Build.0 = Debug|Any CPU
		{94F7C0A5-038D-459A-8535-FD0152A290DD}.Debug|ARM.ActiveCfg = Debug|Any CPU
		{94F7C0A5-038D-459A-8535-FD0152A290DD}.Debug|ARM.Build.0 = Debug|Any CPU
		{94F7C0A5-038D-459A-8535-FD0152A290DD}.Debug|ARM64.ActiveCfg = Debug|Any CPU
		{94F7C0A5-038D-459A-8535-FD0152A290DD}.Debug|ARM64.Build.0 = Debug|Any CPU
		{94F7C0A5-038D-459A-8535-FD0152A290DD}.Debug|x64.ActiveCfg = Debug|Any CPU
		{94F7C0A5-038D-459A-8535-FD0152A290DD}.Debug|x64.Build.0 = Debug|Any CPU
		{94F7C0A5-038D-459A-8535-FD0152A290DD}.Debug|x86.ActiveCfg = Debug|Any CPU
		{94F7C0A5-038D-459A-8535-FD0152A290DD}.Debug|x86.Build.0 = Debug|Any CPU
		{94F7C0A5-038D-459A-8535-FD0152A290DD}.Release|Any CPU.ActiveCfg = Release|Any CPU
		{94F7C0A5-038D-459A-8535-FD0152A290DD}.Release|Any CPU.Build.0 = Release|Any CPU
		{94F7C0A5-038D-459A-8535-FD0152A290DD}.Release|ARM.ActiveCfg = Release|Any CPU
		{94F7C0A5-038D-459A-8535-FD0152A290DD}.Release|ARM.Build.0 = Release|Any CPU
		{94F7C0A5-038D-459A-8535-FD0152A290DD}.Release|ARM64.ActiveCfg = Release|Any CPU
		{94F7C0A5-038D-459A-8535-FD0152A290DD}.Release|ARM64.Build.0 = Release|Any CPU
		{94F7C0A5-038D-459A-8535-FD0152A290DD}.Release|x64.ActiveCfg = Release|Any CPU
		{94F7C0A5-038D-459A-8535-FD0152A290DD}.Release|x64.Build.0 = Release|Any CPU
		{94F7C0A5-038D-459A-8535-FD0152A290DD}.Release|x86.ActiveCfg = Release|Any CPU
		{94F7C0A5-038D-459A-8535-FD0152A290DD}.Release|x86.Build.0 = Release|Any CPU
		{5CEC4C93-D266-476C-8084-BDE6EB390610}.Debug|Any CPU.ActiveCfg = Debug|Any CPU
		{5CEC4C93-D266-476C-8084-BDE6EB390610}.Debug|Any CPU.Build.0 = Debug|Any CPU
		{5CEC4C93-D266-476C-8084-BDE6EB390610}.Debug|ARM.ActiveCfg = Debug|Any CPU
		{5CEC4C93-D266-476C-8084-BDE6EB390610}.Debug|ARM.Build.0 = Debug|Any CPU
		{5CEC4C93-D266-476C-8084-BDE6EB390610}.Debug|ARM64.ActiveCfg = Debug|Any CPU
		{5CEC4C93-D266-476C-8084-BDE6EB390610}.Debug|ARM64.Build.0 = Debug|Any CPU
		{5CEC4C93-D266-476C-8084-BDE6EB390610}.Debug|x64.ActiveCfg = Debug|Any CPU
		{5CEC4C93-D266-476C-8084-BDE6EB390610}.Debug|x64.Build.0 = Debug|Any CPU
		{5CEC4C93-D266-476C-8084-BDE6EB390610}.Debug|x86.ActiveCfg = Debug|Any CPU
		{5CEC4C93-D266-476C-8084-BDE6EB390610}.Debug|x86.Build.0 = Debug|Any CPU
		{5CEC4C93-D266-476C-8084-BDE6EB390610}.Release|Any CPU.ActiveCfg = Release|Any CPU
		{5CEC4C93-D266-476C-8084-BDE6EB390610}.Release|Any CPU.Build.0 = Release|Any CPU
		{5CEC4C93-D266-476C-8084-BDE6EB390610}.Release|ARM.ActiveCfg = Release|Any CPU
		{5CEC4C93-D266-476C-8084-BDE6EB390610}.Release|ARM.Build.0 = Release|Any CPU
		{5CEC4C93-D266-476C-8084-BDE6EB390610}.Release|ARM64.ActiveCfg = Release|Any CPU
		{5CEC4C93-D266-476C-8084-BDE6EB390610}.Release|ARM64.Build.0 = Release|Any CPU
		{5CEC4C93-D266-476C-8084-BDE6EB390610}.Release|x64.ActiveCfg = Release|Any CPU
		{5CEC4C93-D266-476C-8084-BDE6EB390610}.Release|x64.Build.0 = Release|Any CPU
		{5CEC4C93-D266-476C-8084-BDE6EB390610}.Release|x86.ActiveCfg = Release|Any CPU
		{5CEC4C93-D266-476C-8084-BDE6EB390610}.Release|x86.Build.0 = Release|Any CPU
		{9EB7F757-4671-4EE3-AF62-31C68C116B1F}.Debug|Any CPU.ActiveCfg = Debug|Any CPU
		{9EB7F757-4671-4EE3-AF62-31C68C116B1F}.Debug|Any CPU.Build.0 = Debug|Any CPU
		{9EB7F757-4671-4EE3-AF62-31C68C116B1F}.Debug|ARM.ActiveCfg = Debug|Any CPU
		{9EB7F757-4671-4EE3-AF62-31C68C116B1F}.Debug|ARM.Build.0 = Debug|Any CPU
		{9EB7F757-4671-4EE3-AF62-31C68C116B1F}.Debug|ARM64.ActiveCfg = Debug|Any CPU
		{9EB7F757-4671-4EE3-AF62-31C68C116B1F}.Debug|ARM64.Build.0 = Debug|Any CPU
		{9EB7F757-4671-4EE3-AF62-31C68C116B1F}.Debug|x64.ActiveCfg = Debug|Any CPU
		{9EB7F757-4671-4EE3-AF62-31C68C116B1F}.Debug|x64.Build.0 = Debug|Any CPU
		{9EB7F757-4671-4EE3-AF62-31C68C116B1F}.Debug|x86.ActiveCfg = Debug|Any CPU
		{9EB7F757-4671-4EE3-AF62-31C68C116B1F}.Debug|x86.Build.0 = Debug|Any CPU
		{9EB7F757-4671-4EE3-AF62-31C68C116B1F}.Release|Any CPU.ActiveCfg = Release|Any CPU
		{9EB7F757-4671-4EE3-AF62-31C68C116B1F}.Release|Any CPU.Build.0 = Release|Any CPU
		{9EB7F757-4671-4EE3-AF62-31C68C116B1F}.Release|ARM.ActiveCfg = Release|Any CPU
		{9EB7F757-4671-4EE3-AF62-31C68C116B1F}.Release|ARM.Build.0 = Release|Any CPU
		{9EB7F757-4671-4EE3-AF62-31C68C116B1F}.Release|ARM64.ActiveCfg = Release|Any CPU
		{9EB7F757-4671-4EE3-AF62-31C68C116B1F}.Release|ARM64.Build.0 = Release|Any CPU
		{9EB7F757-4671-4EE3-AF62-31C68C116B1F}.Release|x64.ActiveCfg = Release|Any CPU
		{9EB7F757-4671-4EE3-AF62-31C68C116B1F}.Release|x64.Build.0 = Release|Any CPU
		{9EB7F757-4671-4EE3-AF62-31C68C116B1F}.Release|x86.ActiveCfg = Release|Any CPU
		{9EB7F757-4671-4EE3-AF62-31C68C116B1F}.Release|x86.Build.0 = Release|Any CPU
		{E339A5AA-6160-42A6-8D06-A746AF91C280}.Debug|Any CPU.ActiveCfg = Debug|Any CPU
		{E339A5AA-6160-42A6-8D06-A746AF91C280}.Debug|Any CPU.Build.0 = Debug|Any CPU
		{E339A5AA-6160-42A6-8D06-A746AF91C280}.Debug|ARM.ActiveCfg = Debug|Any CPU
		{E339A5AA-6160-42A6-8D06-A746AF91C280}.Debug|ARM.Build.0 = Debug|Any CPU
		{E339A5AA-6160-42A6-8D06-A746AF91C280}.Debug|ARM64.ActiveCfg = Debug|Any CPU
		{E339A5AA-6160-42A6-8D06-A746AF91C280}.Debug|ARM64.Build.0 = Debug|Any CPU
		{E339A5AA-6160-42A6-8D06-A746AF91C280}.Debug|x64.ActiveCfg = Debug|Any CPU
		{E339A5AA-6160-42A6-8D06-A746AF91C280}.Debug|x64.Build.0 = Debug|Any CPU
		{E339A5AA-6160-42A6-8D06-A746AF91C280}.Debug|x86.ActiveCfg = Debug|Any CPU
		{E339A5AA-6160-42A6-8D06-A746AF91C280}.Debug|x86.Build.0 = Debug|Any CPU
		{E339A5AA-6160-42A6-8D06-A746AF91C280}.Release|Any CPU.ActiveCfg = Release|Any CPU
		{E339A5AA-6160-42A6-8D06-A746AF91C280}.Release|Any CPU.Build.0 = Release|Any CPU
		{E339A5AA-6160-42A6-8D06-A746AF91C280}.Release|ARM.ActiveCfg = Release|Any CPU
		{E339A5AA-6160-42A6-8D06-A746AF91C280}.Release|ARM.Build.0 = Release|Any CPU
		{E339A5AA-6160-42A6-8D06-A746AF91C280}.Release|ARM64.ActiveCfg = Release|Any CPU
		{E339A5AA-6160-42A6-8D06-A746AF91C280}.Release|ARM64.Build.0 = Release|Any CPU
		{E339A5AA-6160-42A6-8D06-A746AF91C280}.Release|x64.ActiveCfg = Release|Any CPU
		{E339A5AA-6160-42A6-8D06-A746AF91C280}.Release|x64.Build.0 = Release|Any CPU
		{E339A5AA-6160-42A6-8D06-A746AF91C280}.Release|x86.ActiveCfg = Release|Any CPU
		{E339A5AA-6160-42A6-8D06-A746AF91C280}.Release|x86.Build.0 = Release|Any CPU
		{5384FFC5-45DF-4424-8228-EA122189927B}.Debug|Any CPU.ActiveCfg = Debug|Any CPU
		{5384FFC5-45DF-4424-8228-EA122189927B}.Debug|Any CPU.Build.0 = Debug|Any CPU
		{5384FFC5-45DF-4424-8228-EA122189927B}.Debug|ARM.ActiveCfg = Debug|Any CPU
		{5384FFC5-45DF-4424-8228-EA122189927B}.Debug|ARM.Build.0 = Debug|Any CPU
		{5384FFC5-45DF-4424-8228-EA122189927B}.Debug|ARM64.ActiveCfg = Debug|Any CPU
		{5384FFC5-45DF-4424-8228-EA122189927B}.Debug|ARM64.Build.0 = Debug|Any CPU
		{5384FFC5-45DF-4424-8228-EA122189927B}.Debug|x64.ActiveCfg = Debug|Any CPU
		{5384FFC5-45DF-4424-8228-EA122189927B}.Debug|x64.Build.0 = Debug|Any CPU
		{5384FFC5-45DF-4424-8228-EA122189927B}.Debug|x86.ActiveCfg = Debug|Any CPU
		{5384FFC5-45DF-4424-8228-EA122189927B}.Debug|x86.Build.0 = Debug|Any CPU
		{5384FFC5-45DF-4424-8228-EA122189927B}.Release|Any CPU.ActiveCfg = Release|Any CPU
		{5384FFC5-45DF-4424-8228-EA122189927B}.Release|Any CPU.Build.0 = Release|Any CPU
		{5384FFC5-45DF-4424-8228-EA122189927B}.Release|ARM.ActiveCfg = Release|Any CPU
		{5384FFC5-45DF-4424-8228-EA122189927B}.Release|ARM.Build.0 = Release|Any CPU
		{5384FFC5-45DF-4424-8228-EA122189927B}.Release|ARM64.ActiveCfg = Release|Any CPU
		{5384FFC5-45DF-4424-8228-EA122189927B}.Release|ARM64.Build.0 = Release|Any CPU
		{5384FFC5-45DF-4424-8228-EA122189927B}.Release|x64.ActiveCfg = Release|Any CPU
		{5384FFC5-45DF-4424-8228-EA122189927B}.Release|x64.Build.0 = Release|Any CPU
		{5384FFC5-45DF-4424-8228-EA122189927B}.Release|x86.ActiveCfg = Release|Any CPU
		{5384FFC5-45DF-4424-8228-EA122189927B}.Release|x86.Build.0 = Release|Any CPU
	EndGlobalSection
	GlobalSection(SolutionProperties) = preSolution
		HideSolutionNode = FALSE
	EndGlobalSection
	GlobalSection(ExtensibilityGlobals) = postSolution
		SolutionGuid = {E6A09972-15FC-45E6-899B-EFA7D84CF5BD}
	EndGlobalSection
EndGlobal
